
Microsoft Visual Studio Solution File, Format Version 12.00
# Visual Studio 15
VisualStudioVersion = 15.0.27130.2010
MinimumVisualStudioVersion = 10.0.40219.1
Project("{9A19103F-16F7-4668-BE54-9A1E7A4F7556}") = "Shuttle.Core.Reflection", "Shuttle.Core.Reflection\Shuttle.Core.Reflection.csproj", "{8D0B93C0-CEDA-496C-A4D6-864AEBC0DBF2}"
EndProject
Project("{2150E333-8FDC-42A3-9474-1A3956D46DE8}") = "Solution Items", "Solution Items", "{CDAB04AB-7C44-4C3B-B220-F93B2BAE70AA}"
	ProjectSection(SolutionItems) = preProject
		LICENSE = LICENSE
		README.md = README.md
	EndProjectSection
EndProject
Project("{FAE04EC0-301F-11D3-BF4B-00C04F79EFBC}") = "Shuttle.Core.Reflection.Tests", "Shuttle.Core.Reflection.Tests\Shuttle.Core.Reflection.Tests.csproj", "{2FDC00C6-812F-4ED8-BFEC-361725777049}"
EndProject
Global
	GlobalSection(SolutionConfigurationPlatforms) = preSolution
		Debug|Any CPU = Debug|Any CPU
		Release|Any CPU = Release|Any CPU
	EndGlobalSection
	GlobalSection(ProjectConfigurationPlatforms) = postSolution
		{8D0B93C0-CEDA-496C-A4D6-864AEBC0DBF2}.Debug|Any CPU.ActiveCfg = Debug|Any CPU
		{8D0B93C0-CEDA-496C-A4D6-864AEBC0DBF2}.Debug|Any CPU.Build.0 = Debug|Any CPU
		{8D0B93C0-CEDA-496C-A4D6-864AEBC0DBF2}.Release|Any CPU.ActiveCfg = Release|Any CPU
		{8D0B93C0-CEDA-496C-A4D6-864AEBC0DBF2}.Release|Any CPU.Build.0 = Release|Any CPU
		{2FDC00C6-812F-4ED8-BFEC-361725777049}.Debug|Any CPU.ActiveCfg = Debug|Any CPU
		{2FDC00C6-812F-4ED8-BFEC-361725777049}.Debug|Any CPU.Build.0 = Debug|Any CPU
		{2FDC00C6-812F-4ED8-BFEC-361725777049}.Release|Any CPU.ActiveCfg = Release|Any CPU
		{2FDC00C6-812F-4ED8-BFEC-361725777049}.Release|Any CPU.Build.0 = Release|Any CPU
	EndGlobalSection
	GlobalSection(SolutionProperties) = preSolution
		HideSolutionNode = FALSE
	EndGlobalSection
	GlobalSection(ExtensibilityGlobals) = postSolution
		SolutionGuid = {3E88ED1D-A0D3-491B-B91B-60713B45BCAA}
	EndGlobalSection
EndGlobal
